
Microsoft Visual Studio Solution File, Format Version 12.00
# Visual Studio 15
VisualStudioVersion = 15.0.26730.10
MinimumVisualStudioVersion = 10.0.40219.1
Project("{FAE04EC0-301F-11D3-BF4B-00C04F79EFBC}") = "Lab6", "Lab6.csproj", "{4668A2D6-6C7C-4931-8798-6415CD941DE2}"
EndProject
Project("{FAE04EC0-301F-11D3-BF4B-00C04F79EFBC}") = "Lab6Test", "..\Lab6Test\Lab6Test.csproj", "{EFA7A001-5AB0-48E6-80E9-2D23D37ABDF4}"
EndProject
Global
	GlobalSection(SolutionConfigurationPlatforms) = preSolution
		Debug|Any CPU = Debug|Any CPU
		Release|Any CPU = Release|Any CPU
	EndGlobalSection
	GlobalSection(ProjectConfigurationPlatforms) = postSolution
		{4668A2D6-6C7C-4931-8798-6415CD941DE2}.Debug|Any CPU.ActiveCfg = Debug|Any CPU
		{4668A2D6-6C7C-4931-8798-6415CD941DE2}.Debug|Any CPU.Build.0 = Debug|Any CPU
		{4668A2D6-6C7C-4931-8798-6415CD941DE2}.Release|Any CPU.ActiveCfg = Release|Any CPU
		{4668A2D6-6C7C-4931-8798-6415CD941DE2}.Release|Any CPU.Build.0 = Release|Any CPU
		{EFA7A001-5AB0-48E6-80E9-2D23D37ABDF4}.Debug|Any CPU.ActiveCfg = Debug|Any CPU
		{EFA7A001-5AB0-48E6-80E9-2D23D37ABDF4}.Debug|Any CPU.Build.0 = Debug|Any CPU
		{EFA7A001-5AB0-48E6-80E9-2D23D37ABDF4}.Release|Any CPU.ActiveCfg = Release|Any CPU
		{EFA7A001-5AB0-48E6-80E9-2D23D37ABDF4}.Release|Any CPU.Build.0 = Release|Any CPU
	EndGlobalSection
	GlobalSection(SolutionProperties) = preSolution
		HideSolutionNode = FALSE
	EndGlobalSection
	GlobalSection(ExtensibilityGlobals) = postSolution
		SolutionGuid = {8CB522E7-B2FF-4492-905E-0153091FA193}
	EndGlobalSection
EndGlobal
