
Microsoft Visual Studio Solution File, Format Version 12.00
# Visual Studio 15
VisualStudioVersion = 15.0.26730.10
MinimumVisualStudioVersion = 10.0.40219.1
Project("{FAE04EC0-301F-11D3-BF4B-00C04F79EFBC}") = "Lab4", "Lab4\Lab4.csproj", "{A09A927F-5AA7-4D1D-A6AE-D100D884C98B}"
EndProject
Global
	GlobalSection(SolutionConfigurationPlatforms) = preSolution
		Debug|Any CPU = Debug|Any CPU
		Release|Any CPU = Release|Any CPU
	EndGlobalSection
	GlobalSection(ProjectConfigurationPlatforms) = postSolution
		{A09A927F-5AA7-4D1D-A6AE-D100D884C98B}.Debug|Any CPU.ActiveCfg = Debug|Any CPU
		{A09A927F-5AA7-4D1D-A6AE-D100D884C98B}.Debug|Any CPU.Build.0 = Debug|Any CPU
		{A09A927F-5AA7-4D1D-A6AE-D100D884C98B}.Release|Any CPU.ActiveCfg = Release|Any CPU
		{A09A927F-5AA7-4D1D-A6AE-D100D884C98B}.Release|Any CPU.Build.0 = Release|Any CPU
	EndGlobalSection
	GlobalSection(SolutionProperties) = preSolution
		HideSolutionNode = FALSE
	EndGlobalSection
	GlobalSection(ExtensibilityGlobals) = postSolution
		SolutionGuid = {86748A44-A715-4A65-8211-FCEA7AC1B610}
	EndGlobalSection
EndGlobal
